
Microsoft Visual Studio Solution File, Format Version 12.00
# Visual Studio Version 17
VisualStudioVersion = 17.0.31903.59
MinimumVisualStudioVersion = 10.0.40219.1
Project("{FAE04EC0-301F-11D3-BF4B-00C04F79EFBC}") = "Domain", "Domain\Domain.csproj", "{9F5E6473-6994-4D80-AE9C-FD86BDACD099}"
EndProject
Project("{FAE04EC0-301F-11D3-BF4B-00C04F79EFBC}") = "Infrastructure", "Infrastructure\Infrastructure.csproj", "{9A1976BA-0C51-4EE0-A8BF-FAFDED36CCE8}"
EndProject
Project("{FAE04EC0-301F-11D3-BF4B-00C04F79EFBC}") = "Web", "Web\Web.csproj", "{2BF9BAAC-3F7A-4BF4-A28D-449C3159F5A9}"
EndProject
Global
	GlobalSection(SolutionConfigurationPlatforms) = preSolution
		Debug|Any CPU = Debug|Any CPU
		Release|Any CPU = Release|Any CPU
	EndGlobalSection
	GlobalSection(SolutionProperties) = preSolution
		HideSolutionNode = FALSE
	EndGlobalSection
	GlobalSection(ProjectConfigurationPlatforms) = postSolution
		{9F5E6473-6994-4D80-AE9C-FD86BDACD099}.Debug|Any CPU.ActiveCfg = Debug|Any CPU
		{9F5E6473-6994-4D80-AE9C-FD86BDACD099}.Debug|Any CPU.Build.0 = Debug|Any CPU
		{9F5E6473-6994-4D80-AE9C-FD86BDACD099}.Release|Any CPU.ActiveCfg = Release|Any CPU
		{9F5E6473-6994-4D80-AE9C-FD86BDACD099}.Release|Any CPU.Build.0 = Release|Any CPU
		{9A1976BA-0C51-4EE0-A8BF-FAFDED36CCE8}.Debug|Any CPU.ActiveCfg = Debug|Any CPU
		{9A1976BA-0C51-4EE0-A8BF-FAFDED36CCE8}.Debug|Any CPU.Build.0 = Debug|Any CPU
		{9A1976BA-0C51-4EE0-A8BF-FAFDED36CCE8}.Release|Any CPU.ActiveCfg = Release|Any CPU
		{9A1976BA-0C51-4EE0-A8BF-FAFDED36CCE8}.Release|Any CPU.Build.0 = Release|Any CPU
		{2BF9BAAC-3F7A-4BF4-A28D-449C3159F5A9}.Debug|Any CPU.ActiveCfg = Debug|Any CPU
		{2BF9BAAC-3F7A-4BF4-A28D-449C3159F5A9}.Debug|Any CPU.Build.0 = Debug|Any CPU
		{2BF9BAAC-3F7A-4BF4-A28D-449C3159F5A9}.Release|Any CPU.ActiveCfg = Release|Any CPU
		{2BF9BAAC-3F7A-4BF4-A28D-449C3159F5A9}.Release|Any CPU.Build.0 = Release|Any CPU
	EndGlobalSection
EndGlobal
